// !$*UTF8*$!
{
	archiveVersion = 1;
	classes = {
	};
	objectVersion = 55;
	objects = {

/* Begin PBXBuildFile section */
		C6DEC19A28BBACFF00128C93 /* _02_finApp.swift in Sources */ = {isa = PBXBuildFile; fileRef = C6DEC19928BBACFF00128C93 /* _02_finApp.swift */; };
		C6DEC19C28BBACFF00128C93 /* ContentView.swift in Sources */ = {isa = PBXBuildFile; fileRef = C6DEC19B28BBACFF00128C93 /* ContentView.swift */; };
		C6DEC19E28BBAD0100128C93 /* Assets.xcassets in Resources */ = {isa = PBXBuildFile; fileRef = C6DEC19D28BBAD0100128C93 /* Assets.xcassets */; };
		C6DEC1A128BBAD0100128C93 /* Preview Assets.xcassets in Resources */ = {isa = PBXBuildFile; fileRef = C6DEC1A028BBAD0100128C93 /* Preview Assets.xcassets */; };
		C6DEC1AB28BBAD0100128C93 /* _02_finTests.swift in Sources */ = {isa = PBXBuildFile; fileRef = C6DEC1AA28BBAD0100128C93 /* _02_finTests.swift */; };
		C6DEC1B528BBAD0100128C93 /* _02_finUITests.swift in Sources */ = {isa = PBXBuildFile; fileRef = C6DEC1B428BBAD0100128C93 /* _02_finUITests.swift */; };
		C6DEC1B728BBAD0100128C93 /* _02_finUITestsLaunchTests.swift in Sources */ = {isa = PBXBuildFile; fileRef = C6DEC1B628BBAD0100128C93 /* _02_finUITestsLaunchTests.swift */; };
		C6DEC1C428BBAD9700128C93 /* DesignSpecs.swift in Sources */ = {isa = PBXBuildFile; fileRef = C6DEC1C328BBAD9700128C93 /* DesignSpecs.swift */; };
/* End PBXBuildFile section */

/* Begin PBXContainerItemProxy section */
		C6DEC1A728BBAD0100128C93 /* PBXContainerItemProxy */ = {
			isa = PBXContainerItemProxy;
			containerPortal = C6DEC18E28BBACFF00128C93 /* Project object */;
			proxyType = 1;
			remoteGlobalIDString = C6DEC19528BBACFF00128C93;
			remoteInfo = "002-fin";
		};
		C6DEC1B128BBAD0100128C93 /* PBXContainerItemProxy */ = {
			isa = PBXContainerItemProxy;
			containerPortal = C6DEC18E28BBACFF00128C93 /* Project object */;
			proxyType = 1;
			remoteGlobalIDString = C6DEC19528BBACFF00128C93;
			remoteInfo = "002-fin";
		};
/* End PBXContainerItemProxy section */

/* Begin PBXFileReference section */
		C6DEC19628BBACFF00128C93 /* 002-fin.app */ = {isa = PBXFileReference; explicitFileType = wrapper.application; includeInIndex = 0; path = "002-fin.app"; sourceTree = BUILT_PRODUCTS_DIR; };
		C6DEC19928BBACFF00128C93 /* _02_finApp.swift */ = {isa = PBXFileReference; lastKnownFileType = sourcecode.swift; path = _02_finApp.swift; sourceTree = "<group>"; };
		C6DEC19B28BBACFF00128C93 /* ContentView.swift */ = {isa = PBXFileReference; lastKnownFileType = sourcecode.swift; path = ContentView.swift; sourceTree = "<group>"; };
		C6DEC19D28BBAD0100128C93 /* Assets.xcassets */ = {isa = PBXFileReference; lastKnownFileType = folder.assetcatalog; path = Assets.xcassets; sourceTree = "<group>"; };
		C6DEC1A028BBAD0100128C93 /* Preview Assets.xcassets */ = {isa = PBXFileReference; lastKnownFileType = folder.assetcatalog; path = "Preview Assets.xcassets"; sourceTree = "<group>"; };
		C6DEC1A628BBAD0100128C93 /* 002-finTests.xctest */ = {isa = PBXFileReference; explicitFileType = wrapper.cfbundle; includeInIndex = 0; path = "002-finTests.xctest"; sourceTree = BUILT_PRODUCTS_DIR; };
		C6DEC1AA28BBAD0100128C93 /* _02_finTests.swift */ = {isa = PBXFileReference; lastKnownFileType = sourcecode.swift; path = _02_finTests.swift; sourceTree = "<group>"; };
		C6DEC1B028BBAD0100128C93 /* 002-finUITests.xctest */ = {isa = PBXFileReference; explicitFileType = wrapper.cfbundle; includeInIndex = 0; path = "002-finUITests.xctest"; sourceTree = BUILT_PRODUCTS_DIR; };
		C6DEC1B428BBAD0100128C93 /* _02_finUITests.swift */ = {isa = PBXFileReference; lastKnownFileType = sourcecode.swift; path = _02_finUITests.swift; sourceTree = "<group>"; };
		C6DEC1B628BBAD0100128C93 /* _02_finUITestsLaunchTests.swift */ = {isa = PBXFileReference; lastKnownFileType = sourcecode.swift; path = _02_finUITestsLaunchTests.swift; sourceTree = "<group>"; };
		C6DEC1C328BBAD9700128C93 /* DesignSpecs.swift */ = {isa = PBXFileReference; lastKnownFileType = sourcecode.swift; path = DesignSpecs.swift; sourceTree = "<group>"; };
/* End PBXFileReference section */

/* Begin PBXFrameworksBuildPhase section */
		C6DEC19328BBACFF00128C93 /* Frameworks */ = {
			isa = PBXFrameworksBuildPhase;
			buildActionMask = 2147483647;
			files = (
			);
			runOnlyForDeploymentPostprocessing = 0;
		};
		C6DEC1A328BBAD0100128C93 /* Frameworks */ = {
			isa = PBXFrameworksBuildPhase;
			buildActionMask = 2147483647;
			files = (
			);
			runOnlyForDeploymentPostprocessing = 0;
		};
		C6DEC1AD28BBAD0100128C93 /* Frameworks */ = {
			isa = PBXFrameworksBuildPhase;
			buildActionMask = 2147483647;
			files = (
			);
			runOnlyForDeploymentPostprocessing = 0;
		};
/* End PBXFrameworksBuildPhase section */

/* Begin PBXGroup section */
		C6DEC18D28BBACFF00128C93 = {
			isa = PBXGroup;
			children = (
				C6DEC19828BBACFF00128C93 /* 002-fin */,
				C6DEC1A928BBAD0100128C93 /* 002-finTests */,
				C6DEC1B328BBAD0100128C93 /* 002-finUITests */,
				C6DEC19728BBACFF00128C93 /* Products */,
			);
			sourceTree = "<group>";
		};
		C6DEC19728BBACFF00128C93 /* Products */ = {
			isa = PBXGroup;
			children = (
				C6DEC19628BBACFF00128C93 /* 002-fin.app */,
				C6DEC1A628BBAD0100128C93 /* 002-finTests.xctest */,
				C6DEC1B028BBAD0100128C93 /* 002-finUITests.xctest */,
			);
			name = Products;
			sourceTree = "<group>";
		};
		C6DEC19828BBACFF00128C93 /* 002-fin */ = {
			isa = PBXGroup;
			children = (
				C6DEC19928BBACFF00128C93 /* _02_finApp.swift */,
				C6DEC1C328BBAD9700128C93 /* DesignSpecs.swift */,
				C6DEC19B28BBACFF00128C93 /* ContentView.swift */,
				C6DEC19D28BBAD0100128C93 /* Assets.xcassets */,
				C6DEC19F28BBAD0100128C93 /* Preview Content */,
			);
			path = "002-fin";
			sourceTree = "<group>";
		};
		C6DEC19F28BBAD0100128C93 /* Preview Content */ = {
			isa = PBXGroup;
			children = (
				C6DEC1A028BBAD0100128C93 /* Preview Assets.xcassets */,
			);
			path = "Preview Content";
			sourceTree = "<group>";
		};
		C6DEC1A928BBAD0100128C93 /* 002-finTests */ = {
			isa = PBXGroup;
			children = (
				C6DEC1AA28BBAD0100128C93 /* _02_finTests.swift */,
			);
			path = "002-finTests";
			sourceTree = "<group>";
		};
		C6DEC1B328BBAD0100128C93 /* 002-finUITests */ = {
			isa = PBXGroup;
			children = (
				C6DEC1B428BBAD0100128C93 /* _02_finUITests.swift */,
				C6DEC1B628BBAD0100128C93 /* _02_finUITestsLaunchTests.swift */,
			);
			path = "002-finUITests";
			sourceTree = "<group>";
		};
/* End PBXGroup section */

/* Begin PBXNativeTarget section */
		C6DEC19528BBACFF00128C93 /* 002-fin */ = {
			isa = PBXNativeTarget;
			buildConfigurationList = C6DEC1BA28BBAD0100128C93 /* Build configuration list for PBXNativeTarget "002-fin" */;
			buildPhases = (
				C6DEC19228BBACFF00128C93 /* Sources */,
				C6DEC19328BBACFF00128C93 /* Frameworks */,
				C6DEC19428BBACFF00128C93 /* Resources */,
			);
			buildRules = (
			);
			dependencies = (
			);
			name = "002-fin";
			productName = "002-fin";
			productReference = C6DEC19628BBACFF00128C93 /* 002-fin.app */;
			productType = "com.apple.product-type.application";
		};
		C6DEC1A528BBAD0100128C93 /* 002-finTests */ = {
			isa = PBXNativeTarget;
			buildConfigurationList = C6DEC1BD28BBAD0100128C93 /* Build configuration list for PBXNativeTarget "002-finTests" */;
			buildPhases = (
				C6DEC1A228BBAD0100128C93 /* Sources */,
				C6DEC1A328BBAD0100128C93 /* Frameworks */,
				C6DEC1A428BBAD0100128C93 /* Resources */,
			);
			buildRules = (
			);
			dependencies = (
				C6DEC1A828BBAD0100128C93 /* PBXTargetDependency */,
			);
			name = "002-finTests";
			productName = "002-finTests";
			productReference = C6DEC1A628BBAD0100128C93 /* 002-finTests.xctest */;
			productType = "com.apple.product-type.bundle.unit-test";
		};
		C6DEC1AF28BBAD0100128C93 /* 002-finUITests */ = {
			isa = PBXNativeTarget;
			buildConfigurationList = C6DEC1C028BBAD0100128C93 /* Build configuration list for PBXNativeTarget "002-finUITests" */;
			buildPhases = (
				C6DEC1AC28BBAD0100128C93 /* Sources */,
				C6DEC1AD28BBAD0100128C93 /* Frameworks */,
				C6DEC1AE28BBAD0100128C93 /* Resources */,
			);
			buildRules = (
			);
			dependencies = (
				C6DEC1B228BBAD0100128C93 /* PBXTargetDependency */,
			);
			name = "002-finUITests";
			productName = "002-finUITests";
			productReference = C6DEC1B028BBAD0100128C93 /* 002-finUITests.xctest */;
			productType = "com.apple.product-type.bundle.ui-testing";
		};
/* End PBXNativeTarget section */

/* Begin PBXProject section */
		C6DEC18E28BBACFF00128C93 /* Project object */ = {
			isa = PBXProject;
			attributes = {
				BuildIndependentTargetsInParallel = 1;
				LastSwiftUpdateCheck = 1340;
				LastUpgradeCheck = 1340;
				TargetAttributes = {
					C6DEC19528BBACFF00128C93 = {
						CreatedOnToolsVersion = 13.4.1;
					};
					C6DEC1A528BBAD0100128C93 = {
						CreatedOnToolsVersion = 13.4.1;
						TestTargetID = C6DEC19528BBACFF00128C93;
					};
					C6DEC1AF28BBAD0100128C93 = {
						CreatedOnToolsVersion = 13.4.1;
						TestTargetID = C6DEC19528BBACFF00128C93;
					};
				};
			};
			buildConfigurationList = C6DEC19128BBACFF00128C93 /* Build configuration list for PBXProject "002-fin" */;
			compatibilityVersion = "Xcode 13.0";
			developmentRegion = en;
			hasScannedForEncodings = 0;
			knownRegions = (
				en,
				Base,
			);
			mainGroup = C6DEC18D28BBACFF00128C93;
			productRefGroup = C6DEC19728BBACFF00128C93 /* Products */;
			projectDirPath = "";
			projectRoot = "";
			targets = (
				C6DEC19528BBACFF00128C93 /* 002-fin */,
				C6DEC1A528BBAD0100128C93 /* 002-finTests */,
				C6DEC1AF28BBAD0100128C93 /* 002-finUITests */,
			);
		};
/* End PBXProject section */

/* Begin PBXResourcesBuildPhase section */
		C6DEC19428BBACFF00128C93 /* Resources */ = {
			isa = PBXResourcesBuildPhase;
			buildActionMask = 2147483647;
			files = (
				C6DEC1A128BBAD0100128C93 /* Preview Assets.xcassets in Resources */,
				C6DEC19E28BBAD0100128C93 /* Assets.xcassets in Resources */,
			);
			runOnlyForDeploymentPostprocessing = 0;
		};
		C6DEC1A428BBAD0100128C93 /* Resources */ = {
			isa = PBXResourcesBuildPhase;
			buildActionMask = 2147483647;
			files = (
			);
			runOnlyForDeploymentPostprocessing = 0;
		};
		C6DEC1AE28BBAD0100128C93 /* Resources */ = {
			isa = PBXResourcesBuildPhase;
			buildActionMask = 2147483647;
			files = (
			);
			runOnlyForDeploymentPostprocessing = 0;
		};
/* End PBXResourcesBuildPhase section */

/* Begin PBXSourcesBuildPhase section */
		C6DEC19228BBACFF00128C93 /* Sources */ = {
			isa = PBXSourcesBuildPhase;
			buildActionMask = 2147483647;
			files = (
				C6DEC19C28BBACFF00128C93 /* ContentView.swift in Sources */,
				C6DEC19A28BBACFF00128C93 /* _02_finApp.swift in Sources */,
				C6DEC1C428BBAD9700128C93 /* DesignSpecs.swift in Sources */,
			);
			runOnlyForDeploymentPostprocessing = 0;
		};
		C6DEC1A228BBAD0100128C93 /* Sources */ = {
			isa = PBXSourcesBuildPhase;
			buildActionMask = 2147483647;
			files = (
				C6DEC1AB28BBAD0100128C93 /* _02_finTests.swift in Sources */,
			);
			runOnlyForDeploymentPostprocessing = 0;
		};
		C6DEC1AC28BBAD0100128C93 /* Sources */ = {
			isa = PBXSourcesBuildPhase;
			buildActionMask = 2147483647;
			files = (
				C6DEC1B728BBAD0100128C93 /* _02_finUITestsLaunchTests.swift in Sources */,
				C6DEC1B528BBAD0100128C93 /* _02_finUITests.swift in Sources */,
			);
			runOnlyForDeploymentPostprocessing = 0;
		};
/* End PBXSourcesBuildPhase section */

/* Begin PBXTargetDependency section */
		C6DEC1A828BBAD0100128C93 /* PBXTargetDependency */ = {
			isa = PBXTargetDependency;
			target = C6DEC19528BBACFF00128C93 /* 002-fin */;
			targetProxy = C6DEC1A728BBAD0100128C93 /* PBXContainerItemProxy */;
		};
		C6DEC1B228BBAD0100128C93 /* PBXTargetDependency */ = {
			isa = PBXTargetDependency;
			target = C6DEC19528BBACFF00128C93 /* 002-fin */;
			targetProxy = C6DEC1B128BBAD0100128C93 /* PBXContainerItemProxy */;
		};
/* End PBXTargetDependency section */

/* Begin XCBuildConfiguration section */
		C6DEC1B828BBAD0100128C93 /* Debug */ = {
			isa = XCBuildConfiguration;
			buildSettings = {
				ALWAYS_SEARCH_USER_PATHS = NO;
				CLANG_ANALYZER_NONNULL = YES;
				CLANG_ANALYZER_NUMBER_OBJECT_CONVERSION = YES_AGGRESSIVE;
				CLANG_CXX_LANGUAGE_STANDARD = "gnu++17";
				CLANG_ENABLE_MODULES = YES;
				CLANG_ENABLE_OBJC_ARC = YES;
				CLANG_ENABLE_OBJC_WEAK = YES;
				CLANG_WARN_BLOCK_CAPTURE_AUTORELEASING = YES;
				CLANG_WARN_BOOL_CONVERSION = YES;
				CLANG_WARN_COMMA = YES;
				CLANG_WARN_CONSTANT_CONVERSION = YES;
				CLANG_WARN_DEPRECATED_OBJC_IMPLEMENTATIONS = YES;
				CLANG_WARN_DIRECT_OBJC_ISA_USAGE = YES_ERROR;
				CLANG_WARN_DOCUMENTATION_COMMENTS = YES;
				CLANG_WARN_EMPTY_BODY = YES;
				CLANG_WARN_ENUM_CONVERSION = YES;
				CLANG_WARN_INFINITE_RECURSION = YES;
				CLANG_WARN_INT_CONVERSION = YES;
				CLANG_WARN_NON_LITERAL_NULL_CONVERSION = YES;
				CLANG_WARN_OBJC_IMPLICIT_RETAIN_SELF = YES;
				CLANG_WARN_OBJC_LITERAL_CONVERSION = YES;
				CLANG_WARN_OBJC_ROOT_CLASS = YES_ERROR;
				CLANG_WARN_QUOTED_INCLUDE_IN_FRAMEWORK_HEADER = YES;
				CLANG_WARN_RANGE_LOOP_ANALYSIS = YES;
				CLANG_WARN_STRICT_PROTOTYPES = YES;
				CLANG_WARN_SUSPICIOUS_MOVE = YES;
				CLANG_WARN_UNGUARDED_AVAILABILITY = YES_AGGRESSIVE;
				CLANG_WARN_UNREACHABLE_CODE = YES;
				CLANG_WARN__DUPLICATE_METHOD_MATCH = YES;
				COPY_PHASE_STRIP = NO;
				DEBUG_INFORMATION_FORMAT = dwarf;
				ENABLE_STRICT_OBJC_MSGSEND = YES;
				ENABLE_TESTABILITY = YES;
				GCC_C_LANGUAGE_STANDARD = gnu11;
				GCC_DYNAMIC_NO_PIC = NO;
				GCC_NO_COMMON_BLOCKS = YES;
				GCC_OPTIMIZATION_LEVEL = 0;
				GCC_PREPROCESSOR_DEFINITIONS = (
					"DEBUG=1",
					"$(inherited)",
				);
				GCC_WARN_64_TO_32_BIT_CONVERSION = YES;
				GCC_WARN_ABOUT_RETURN_TYPE = YES_ERROR;
				GCC_WARN_UNDECLARED_SELECTOR = YES;
				GCC_WARN_UNINITIALIZED_AUTOS = YES_AGGRESSIVE;
				GCC_WARN_UNUSED_FUNCTION = YES;
				GCC_WARN_UNUSED_VARIABLE = YES;
				IPHONEOS_DEPLOYMENT_TARGET = 15.5;
				MTL_ENABLE_DEBUG_INFO = INCLUDE_SOURCE;
				MTL_FAST_MATH = YES;
				ONLY_ACTIVE_ARCH = YES;
				SDKROOT = iphoneos;
				SWIFT_ACTIVE_COMPILATION_CONDITIONS = DEBUG;
				SWIFT_OPTIMIZATION_LEVEL = "-Onone";
			};
			name = Debug;
		};
		C6DEC1B928BBAD0100128C93 /* Release */ = {
			isa = XCBuildConfiguration;
			buildSettings = {
				ALWAYS_SEARCH_USER_PATHS = NO;
				CLANG_ANALYZER_NONNULL = YES;
				CLANG_ANALYZER_NUMBER_OBJECT_CONVERSION = YES_AGGRESSIVE;
				CLANG_CXX_LANGUAGE_STANDARD = "gnu++17";
				CLANG_ENABLE_MODULES = YES;
				CLANG_ENABLE_OBJC_ARC = YES;
				CLANG_ENABLE_OBJC_WEAK = YES;
				CLANG_WARN_BLOCK_CAPTURE_AUTORELEASING = YES;
				CLANG_WARN_BOOL_CONVERSION = YES;
				CLANG_WARN_COMMA = YES;
				CLANG_WARN_CONSTANT_CONVERSION = YES;
				CLANG_WARN_DEPRECATED_OBJC_IMPLEMENTATIONS = YES;
				CLANG_WARN_DIRECT_OBJC_ISA_USAGE = YES_ERROR;
				CLANG_WARN_DOCUMENTATION_COMMENTS = YES;
				CLANG_WARN_EMPTY_BODY = YES;
				CLANG_WARN_ENUM_CONVERSION = YES;
				CLANG_WARN_INFINITE_RECURSION = YES;
				CLANG_WARN_INT_CONVERSION = YES;
				CLANG_WARN_NON_LITERAL_NULL_CONVERSION = YES;
				CLANG_WARN_OBJC_IMPLICIT_RETAIN_SELF = YES;
				CLANG_WARN_OBJC_LITERAL_CONVERSION = YES;
				CLANG_WARN_OBJC_ROOT_CLASS = YES_ERROR;
				CLANG_WARN_QUOTED_INCLUDE_IN_FRAMEWORK_HEADER = YES;
				CLANG_WARN_RANGE_LOOP_ANALYSIS = YES;
				CLANG_WARN_STRICT_PROTOTYPES = YES;
				CLANG_WARN_SUSPICIOUS_MOVE = YES;
				CLANG_WARN_UNGUARDED_AVAILABILITY = YES_AGGRESSIVE;
				CLANG_WARN_UNREACHABLE_CODE = YES;
				CLANG_WARN__DUPLICATE_METHOD_MATCH = YES;
				COPY_PHASE_STRIP = NO;
				DEBUG_INFORMATION_FORMAT = "dwarf-with-dsym";
				ENABLE_NS_ASSERTIONS = NO;
				ENABLE_STRICT_OBJC_MSGSEND = YES;
				GCC_C_LANGUAGE_STANDARD = gnu11;
				GCC_NO_COMMON_BLOCKS = YES;
				GCC_WARN_64_TO_32_BIT_CONVERSION = YES;
				GCC_WARN_ABOUT_RETURN_TYPE = YES_ERROR;
				GCC_WARN_UNDECLARED_SELECTOR = YES;
				GCC_WARN_UNINITIALIZED_AUTOS = YES_AGGRESSIVE;
				GCC_WARN_UNUSED_FUNCTION = YES;
				GCC_WARN_UNUSED_VARIABLE = YES;
				IPHONEOS_DEPLOYMENT_TARGET = 15.5;
				MTL_ENABLE_DEBUG_INFO = NO;
				MTL_FAST_MATH = YES;
				SDKROOT = iphoneos;
				SWIFT_COMPILATION_MODE = wholemodule;
				SWIFT_OPTIMIZATION_LEVEL = "-O";
				VALIDATE_PRODUCT = YES;
			};
			name = Release;
		};
		C6DEC1BB28BBAD0100128C93 /* Debug */ = {
			isa = XCBuildConfiguration;
			buildSettings = {
				ASSETCATALOG_COMPILER_APPICON_NAME = AppIcon;
				ASSETCATALOG_COMPILER_GLOBAL_ACCENT_COLOR_NAME = AccentColor;
				CODE_SIGN_STYLE = Automatic;
				CURRENT_PROJECT_VERSION = 1;
				DEVELOPMENT_ASSET_PATHS = "\"002-fin/Preview Content\"";
				DEVELOPMENT_TEAM = 7PTSJZ48HT;
				ENABLE_PREVIEWS = YES;
				GENERATE_INFOPLIST_FILE = YES;
				INFOPLIST_KEY_UIApplicationSceneManifest_Generation = YES;
				INFOPLIST_KEY_UIApplicationSupportsIndirectInputEvents = YES;
				INFOPLIST_KEY_UILaunchScreen_Generation = YES;
				INFOPLIST_KEY_UISupportedInterfaceOrientations_iPad = "UIInterfaceOrientationPortrait UIInterfaceOrientationPortraitUpsideDown UIInterfaceOrientationLandscapeLeft UIInterfaceOrientationLandscapeRight";
				INFOPLIST_KEY_UISupportedInterfaceOrientations_iPhone = "UIInterfaceOrientationPortrait UIInterfaceOrientationLandscapeLeft UIInterfaceOrientationLandscapeRight";
				LD_RUNPATH_SEARCH_PATHS = (
					"$(inherited)",
					"@executable_path/Frameworks",
				);
				MARKETING_VERSION = 1.0;
				PRODUCT_BUNDLE_IDENTIFIER = "ninepoint.-02-fin";
				PRODUCT_NAME = "$(TARGET_NAME)";
				SWIFT_EMIT_LOC_STRINGS = YES;
				SWIFT_VERSION = 5.0;
				TARGETED_DEVICE_FAMILY = "1,2";
			};
			name = Debug;
		};
		C6DEC1BC28BBAD0100128C93 /* Release */ = {
			isa = XCBuildConfiguration;
			buildSettings = {
				ASSETCATALOG_COMPILER_APPICON_NAME = AppIcon;
				ASSETCATALOG_COMPILER_GLOBAL_ACCENT_COLOR_NAME = AccentColor;
				CODE_SIGN_STYLE = Automatic;
				CURRENT_PROJECT_VERSION = 1;
				DEVELOPMENT_ASSET_PATHS = "\"002-fin/Preview Content\"";
				DEVELOPMENT_TEAM = 7PTSJZ48HT;
				ENABLE_PREVIEWS = YES;
				GENERATE_INFOPLIST_FILE = YES;
				INFOPLIST_KEY_UIApplicationSceneManifest_Generation = YES;
				INFOPLIST_KEY_UIApplicationSupportsIndirectInputEvents = YES;
				INFOPLIST_KEY_UILaunchScreen_Generation = YES;
				INFOPLIST_KEY_UISupportedInterfaceOrientations_iPad = "UIInterfaceOrientationPortrait UIInterfaceOrientationPortraitUpsideDown UIInterfaceOrientationLandscapeLeft UIInterfaceOrientationLandscapeRight";
				INFOPLIST_KEY_UISupportedInterfaceOrientations_iPhone = "UIInterfaceOrientationPortrait UIInterfaceOrientationLandscapeLeft UIInterfaceOrientationLandscapeRight";
				LD_RUNPATH_SEARCH_PATHS = (
					"$(inherited)",
					"@executable_path/Frameworks",
				);
				MARKETING_VERSION = 1.0;
				PRODUCT_BUNDLE_IDENTIFIER = "ninepoint.-02-fin";
				PRODUCT_NAME = "$(TARGET_NAME)";
				SWIFT_EMIT_LOC_STRINGS = YES;
				SWIFT_VERSION = 5.0;
				TARGETED_DEVICE_FAMILY = "1,2";
			};
			name = Release;
		};
		C6DEC1BE28BBAD0100128C93 /* Debug */ = {
			isa = XCBuildConfiguration;
			buildSettings = {
				ALWAYS_EMBED_SWIFT_STANDARD_LIBRARIES = YES;
				BUNDLE_LOADER = "$(TEST_HOST)";
				CODE_SIGN_STYLE = Automatic;
				CURRENT_PROJECT_VERSION = 1;
				DEVELOPMENT_TEAM = 7PTSJZ48HT;
				GENERATE_INFOPLIST_FILE = YES;
				IPHONEOS_DEPLOYMENT_TARGET = 15.5;
				MARKETING_VERSION = 1.0;
				PRODUCT_BUNDLE_IDENTIFIER = "ninepoint.-02-finTests";
				PRODUCT_NAME = "$(TARGET_NAME)";
				SWIFT_EMIT_LOC_STRINGS = NO;
				SWIFT_VERSION = 5.0;
				TARGETED_DEVICE_FAMILY = "1,2";
				TEST_HOST = "$(BUILT_PRODUCTS_DIR)/002-fin.app/002-fin";
			};
			name = Debug;
		};
		C6DEC1BF28BBAD0100128C93 /* Release */ = {
			isa = XCBuildConfiguration;
			buildSettings = {
				ALWAYS_EMBED_SWIFT_STANDARD_LIBRARIES = YES;
				BUNDLE_LOADER = "$(TEST_HOST)";
				CODE_SIGN_STYLE = Automatic;
				CURRENT_PROJECT_VERSION = 1;
				DEVELOPMENT_TEAM = 7PTSJZ48HT;
				GENERATE_INFOPLIST_FILE = YES;
				IPHONEOS_DEPLOYMENT_TARGET = 15.5;
				MARKETING_VERSION = 1.0;
				PRODUCT_BUNDLE_IDENTIFIER = "ninepoint.-02-finTests";
				PRODUCT_NAME = "$(TARGET_NAME)";
				SWIFT_EMIT_LOC_STRINGS = NO;
				SWIFT_VERSION = 5.0;
				TARGETED_DEVICE_FAMILY = "1,2";
				TEST_HOST = "$(BUILT_PRODUCTS_DIR)/002-fin.app/002-fin";
			};
			name = Release;
		};
		C6DEC1C128BBAD0100128C93 /* Debug */ = {
			isa = XCBuildConfiguration;
			buildSettings = {
				ALWAYS_EMBED_SWIFT_STANDARD_LIBRARIES = YES;
				CODE_SIGN_STYLE = Automatic;
				CURRENT_PROJECT_VERSION = 1;
				DEVELOPMENT_TEAM = 7PTSJZ48HT;
				GENERATE_INFOPLIST_FILE = YES;
				MARKETING_VERSION = 1.0;
				PRODUCT_BUNDLE_IDENTIFIER = "ninepoint.-02-finUITests";
				PRODUCT_NAME = "$(TARGET_NAME)";
				SWIFT_EMIT_LOC_STRINGS = NO;
				SWIFT_VERSION = 5.0;
				TARGETED_DEVICE_FAMILY = "1,2";
				TEST_TARGET_NAME = "002-fin";
			};
			name = Debug;
		};
		C6DEC1C228BBAD0100128C93 /* Release */ = {
			isa = XCBuildConfiguration;
			buildSettings = {
				ALWAYS_EMBED_SWIFT_STANDARD_LIBRARIES = YES;
				CODE_SIGN_STYLE = Automatic;
				CURRENT_PROJECT_VERSION = 1;
				DEVELOPMENT_TEAM = 7PTSJZ48HT;
				GENERATE_INFOPLIST_FILE = YES;
				MARKETING_VERSION = 1.0;
				PRODUCT_BUNDLE_IDENTIFIER = "ninepoint.-02-finUITests";
				PRODUCT_NAME = "$(TARGET_NAME)";
				SWIFT_EMIT_LOC_STRINGS = NO;
				SWIFT_VERSION = 5.0;
				TARGETED_DEVICE_FAMILY = "1,2";
				TEST_TARGET_NAME = "002-fin";
			};
			name = Release;
		};
/* End XCBuildConfiguration section */

/* Begin XCConfigurationList section */
		C6DEC19128BBACFF00128C93 /* Build configuration list for PBXProject "002-fin" */ = {
			isa = XCConfigurationList;
			buildConfigurations = (
				C6DEC1B828BBAD0100128C93 /* Debug */,
				C6DEC1B928BBAD0100128C93 /* Release */,
			);
			defaultConfigurationIsVisible = 0;
			defaultConfigurationName = Release;
		};
		C6DEC1BA28BBAD0100128C93 /* Build configuration list for PBXNativeTarget "002-fin" */ = {
			isa = XCConfigurationList;
			buildConfigurations = (
				C6DEC1BB28BBAD0100128C93 /* Debug */,
				C6DEC1BC28BBAD0100128C93 /* Release */,
			);
			defaultConfigurationIsVisible = 0;
			defaultConfigurationName = Release;
		};
		C6DEC1BD28BBAD0100128C93 /* Build configuration list for PBXNativeTarget "002-finTests" */ = {
			isa = XCConfigurationList;
			buildConfigurations = (
				C6DEC1BE28BBAD0100128C93 /* Debug */,
				C6DEC1BF28BBAD0100128C93 /* Release */,
			);
			defaultConfigurationIsVisible = 0;
			defaultConfigurationName = Release;
		};
		C6DEC1C028BBAD0100128C93 /* Build configuration list for PBXNativeTarget "002-finUITests" */ = {
			isa = XCConfigurationList;
			buildConfigurations = (
				C6DEC1C128BBAD0100128C93 /* Debug */,
				C6DEC1C228BBAD0100128C93 /* Release */,
			);
			defaultConfigurationIsVisible = 0;
			defaultConfigurationName = Release;
		};
/* End XCConfigurationList section */
	};
	rootObject = C6DEC18E28BBACFF00128C93 /* Project object */;
}
